
Microsoft Visual Studio Solution File, Format Version 12.00
# Visual Studio 15
VisualStudioVersion = 15.0.28307.539
MinimumVisualStudioVersion = 10.0.40219.1
Project("{FAE04EC0-301F-11D3-BF4B-00C04F79EFBC}") = "MM_SlideShow", "MM_SlideShow\MM_SlideShow.csproj", "{34145ACD-5335-4FFC-A0D5-CD8833DEBE92}"
EndProject
Global
	GlobalSection(SolutionConfigurationPlatforms) = preSolution
		Debug|Any CPU = Debug|Any CPU
		Release|Any CPU = Release|Any CPU
	EndGlobalSection
	GlobalSection(ProjectConfigurationPlatforms) = postSolution
		{34145ACD-5335-4FFC-A0D5-CD8833DEBE92}.Debug|Any CPU.ActiveCfg = Debug|Any CPU
		{34145ACD-5335-4FFC-A0D5-CD8833DEBE92}.Debug|Any CPU.Build.0 = Debug|Any CPU
		{34145ACD-5335-4FFC-A0D5-CD8833DEBE92}.Release|Any CPU.ActiveCfg = Release|Any CPU
		{34145ACD-5335-4FFC-A0D5-CD8833DEBE92}.Release|Any CPU.Build.0 = Release|Any CPU
	EndGlobalSection
	GlobalSection(SolutionProperties) = preSolution
		HideSolutionNode = FALSE
	EndGlobalSection
	GlobalSection(ExtensibilityGlobals) = postSolution
		SolutionGuid = {8BD46F4F-9215-49D2-8690-841CA4614558}
	EndGlobalSection
EndGlobal
